<?xml version="1.0" encoding="UTF-8" standalone="yes" ?>
<CodeBlocks_project_file>
	<FileVersion major="1" minor="6" />
	<Project>
		<Option title="iot-gateway" />
		<Option pch_mode="2" />
		<Option compiler="gcc" />
		<Build>
			<Target title="Debug">
				<Option output="bin/Debug/iot-gateway" prefix_auto="1" extension_auto="1" />
				<Option object_output="obj/Debug/" />
				<Option type="1" />
				<Option compiler="gcc" />
				<Compiler>
					<Add option="-g" />
					<Add directory="include" />
				</Compiler>
			</Target>
			<Target title="Release">
				<Option output="bin/Release/iot-gateway" prefix_auto="1" extension_auto="1" />
				<Option object_output="obj/Release/" />
				<Option type="1" />
				<Option compiler="gcc" />
				<Compiler>
					<Add option="-O2" />
				</Compiler>
				<Linker>
					<Add option="-s" />
				</Linker>
			</Target>
		</Build>
		<Compiler>
			<Add option="-std=c++11" />
			<Add option="-Wall" />
			<Add option="-fexceptions" />
		</Compiler>
		<Unit filename="include/DeviceRegistry.h" />
		<Unit filename="include/ICommunicator.h" />
		<Unit filename="include/RF24.h" />
		<Unit filename="include/RF24Communicator.h" />
		<Unit filename="include/RF24_config.h" />
		<Unit filename="include/bcm2835.h" />
		<Unit filename="include/deviceinfo.h" />
		<Unit filename="include/nRF24L01.h" />
		<Unit filename="include/payload.h" />
		<Unit filename="src/DeviceRegistry.cpp" />
		<Unit filename="src/RF24.cpp" />
		<Unit filename="src/RF24Communicator.cpp" />
		<Unit filename="src/bcm2835.c">
			<Option compilerVar="CC" />
		</Unit>
		<Unit filename="src/main.cpp" />
		<Extensions>
			<code_completion />
			<debugger />
		</Extensions>
	</Project>
</CodeBlocks_project_file>
